dependencies:
- name: flogo-recipes
  repository: ""
  version: 1.21.*
- name: flogo-webserver
  repository: ""
  version: 1.21.*
- name: flogo-utilities
  repository: ""
  version: 1.21.*
digest: sha256:43e99fc8a1bf4e5f6685e28d15cb10301bf48d1653e4f0cd3d00afda67800ffd
generated: "2026-08-06T17:36:50.1812616+05:30"
